
Microsoft Visual Studio Solution File, Format Version 12.00
# Visual Studio Version 17
VisualStudioVersion = 17.8.34309.116
MinimumVisualStudioVersion = 10.0.40219.1
Project("{FAE04EC0-301F-11D3-BF4B-00C04F79EFBC}") = "Program 21", "Program 21.csproj", "{AD500A0C-1D08-491D-A417-64A04C38FD4D}"
EndProject
Global
	GlobalSection(SolutionConfigurationPlatforms) = preSolution
		Debug|Any CPU = Debug|Any CPU
		Release|Any CPU = Release|Any CPU
	EndGlobalSection
	GlobalSection(ProjectConfigurationPlatforms) = postSolution
		{AD500A0C-1D08-491D-A417-64A04C38FD4D}.Debug|Any CPU.ActiveCfg = Debug|Any CPU
		{AD500A0C-1D08-491D-A417-64A04C38FD4D}.Debug|Any CPU.Build.0 = Debug|Any CPU
		{AD500A0C-1D08-491D-A417-64A04C38FD4D}.Release|Any CPU.ActiveCfg = Release|Any CPU
		{AD500A0C-1D08-491D-A417-64A04C38FD4D}.Release|Any CPU.Build.0 = Release|Any CPU
	EndGlobalSection
	GlobalSection(SolutionProperties) = preSolution
		HideSolutionNode = FALSE
	EndGlobalSection
	GlobalSection(ExtensibilityGlobals) = postSolution
		SolutionGuid = {08CD53B4-2627-4DD4-99E6-80B2B962DE85}
	EndGlobalSection
EndGlobal
